// !$*UTF8*$!
{
	archiveVersion = 1;
	classes = {
	};
	objectVersion = 56;
	objects = {

/* Begin PBXBuildFile section */
		1D029E7B2C7E1B2700EBB7B3 /* Book.swift in Sources */ = {isa = PBXBuildFile; fileRef = 1D029E7A2C7E1B2700EBB7B3 /* Book.swift */; };
		1D029E7D2C7E1B9200EBB7B3 /* AddBookView.swift in Sources */ = {isa = PBXBuildFile; fileRef = 1D029E7C2C7E1B9200EBB7B3 /* AddBookView.swift */; };
		1D029E802C7E216C00EBB7B3 /* RatingView.swift in Sources */ = {isa = PBXBuildFile; fileRef = 1D029E7F2C7E216C00EBB7B3 /* RatingView.swift */; };
		1D029E822C7E2FB500EBB7B3 /* EmojiRatingView.swift in Sources */ = {isa = PBXBuildFile; fileRef = 1D029E812C7E2FB500EBB7B3 /* EmojiRatingView.swift */; };
		1D2CFCE22C80D736002E6E0A /* DetailView.swift in Sources */ = {isa = PBXBuildFile; fileRef = 1D2CFCE12C80D736002E6E0A /* DetailView.swift */; };
		1DAE9F682C7CD3770001C754 /* BookWormApp.swift in Sources */ = {isa = PBXBuildFile; fileRef = 1DAE9F672C7CD3770001C754 /* BookWormApp.swift */; };
		1DAE9F6A2C7CD3770001C754 /* ContentView.swift in Sources */ = {isa = PBXBuildFile; fileRef = 1DAE9F692C7CD3770001C754 /* ContentView.swift */; };
		1DAE9F6C2C7CD3780001C754 /* Assets.xcassets in Resources */ = {isa = PBXBuildFile; fileRef = 1DAE9F6B2C7CD3780001C754 /* Assets.xcassets */; };
		1DAE9F6F2C7CD3780001C754 /* Preview Assets.xcassets in Resources */ = {isa = PBXBuildFile; fileRef = 1DAE9F6E2C7CD3780001C754 /* Preview Assets.xcassets */; };
		1DAE9F792C7CD3780001C754 /* BookWormTests.swift in Sources */ = {isa = PBXBuildFile; fileRef = 1DAE9F782C7CD3780001C754 /* BookWormTests.swift */; };
		1DAE9F832C7CD3780001C754 /* BookWormUITests.swift in Sources */ = {isa = PBXBuildFile; fileRef = 1DAE9F822C7CD3780001C754 /* BookWormUITests.swift */; };
		1DAE9F852C7CD3780001C754 /* BookWormUITestsLaunchTests.swift in Sources */ = {isa = PBXBuildFile; fileRef = 1DAE9F842C7CD3780001C754 /* BookWormUITestsLaunchTests.swift */; };
/* End PBXBuildFile section */

/* Begin PBXContainerItemProxy section */
		1DAE9F752C7CD3780001C754 /* PBXContainerItemProxy */ = {
			isa = PBXContainerItemProxy;
			containerPortal = 1DAE9F5C2C7CD3770001C754 /* Project object */;
			proxyType = 1;
			remoteGlobalIDString = 1DAE9F632C7CD3770001C754;
			remoteInfo = BookWorm;
		};
		1DAE9F7F2C7CD3780001C754 /* PBXContainerItemProxy */ = {
			isa = PBXContainerItemProxy;
			containerPortal = 1DAE9F5C2C7CD3770001C754 /* Project object */;
			proxyType = 1;
			remoteGlobalIDString = 1DAE9F632C7CD3770001C754;
			remoteInfo = BookWorm;
		};
/* End PBXContainerItemProxy section */

/* Begin PBXFileReference section */
		1D029E7A2C7E1B2700EBB7B3 /* Book.swift */ = {isa = PBXFileReference; lastKnownFileType = sourcecode.swift; path = Book.swift; sourceTree = "<group>"; };
		1D029E7C2C7E1B9200EBB7B3 /* AddBookView.swift */ = {isa = PBXFileReference; lastKnownFileType = sourcecode.swift; path = AddBookView.swift; sourceTree = "<group>"; };
		1D029E7F2C7E216C00EBB7B3 /* RatingView.swift */ = {isa = PBXFileReference; lastKnownFileType = sourcecode.swift; path = RatingView.swift; sourceTree = "<group>"; };
		1D029E812C7E2FB500EBB7B3 /* EmojiRatingView.swift */ = {isa = PBXFileReference; lastKnownFileType = sourcecode.swift; path = EmojiRatingView.swift; sourceTree = "<group>"; };
		1D2CFCE12C80D736002E6E0A /* DetailView.swift */ = {isa = PBXFileReference; lastKnownFileType = sourcecode.swift; path = DetailView.swift; sourceTree = "<group>"; };
		1DAE9F642C7CD3770001C754 /* BookWorm.app */ = {isa = PBXFileReference; explicitFileType = wrapper.application; includeInIndex = 0; path = BookWorm.app; sourceTree = BUILT_PRODUCTS_DIR; };
		1DAE9F672C7CD3770001C754 /* BookWormApp.swift */ = {isa = PBXFileReference; lastKnownFileType = sourcecode.swift; path = BookWormApp.swift; sourceTree = "<group>"; };
		1DAE9F692C7CD3770001C754 /* ContentView.swift */ = {isa = PBXFileReference; lastKnownFileType = sourcecode.swift; path = ContentView.swift; sourceTree = "<group>"; };
		1DAE9F6B2C7CD3780001C754 /* Assets.xcassets */ = {isa = PBXFileReference; lastKnownFileType = folder.assetcatalog; path = Assets.xcassets; sourceTree = "<group>"; };
		1DAE9F6E2C7CD3780001C754 /* Preview Assets.xcassets */ = {isa = PBXFileReference; lastKnownFileType = folder.assetcatalog; path = "Preview Assets.xcassets"; sourceTree = "<group>"; };
		1DAE9F742C7CD3780001C754 /* BookWormTests.xctest */ = {isa = PBXFileReference; explicitFileType = wrapper.cfbundle; includeInIndex = 0; path = BookWormTests.xctest; sourceTree = BUILT_PRODUCTS_DIR; };
		1DAE9F782C7CD3780001C754 /* BookWormTests.swift */ = {isa = PBXFileReference; lastKnownFileType = sourcecode.swift; path = BookWormTests.swift; sourceTree = "<group>"; };
		1DAE9F7E2C7CD3780001C754 /* BookWormUITests.xctest */ = {isa = PBXFileReference; explicitFileType = wrapper.cfbundle; includeInIndex = 0; path = BookWormUITests.xctest; sourceTree = BUILT_PRODUCTS_DIR; };
		1DAE9F822C7CD3780001C754 /* BookWormUITests.swift */ = {isa = PBXFileReference; lastKnownFileType = sourcecode.swift; path = BookWormUITests.swift; sourceTree = "<group>"; };
		1DAE9F842C7CD3780001C754 /* BookWormUITestsLaunchTests.swift */ = {isa = PBXFileReference; lastKnownFileType = sourcecode.swift; path = BookWormUITestsLaunchTests.swift; sourceTree = "<group>"; };
/* End PBXFileReference section */

/* Begin PBXFrameworksBuildPhase section */
		1DAE9F612C7CD3770001C754 /* Frameworks */ = {
			isa = PBXFrameworksBuildPhase;
			buildActionMask = 2147483647;
			files = (
			);
			runOnlyForDeploymentPostprocessing = 0;
		};
		1DAE9F712C7CD3780001C754 /* Frameworks */ = {
			isa = PBXFrameworksBuildPhase;
			buildActionMask = 2147483647;
			files = (
			);
			runOnlyForDeploymentPostprocessing = 0;
		};
		1DAE9F7B2C7CD3780001C754 /* Frameworks */ = {
			isa = PBXFrameworksBuildPhase;
			buildActionMask = 2147483647;
			files = (
			);
			runOnlyForDeploymentPostprocessing = 0;
		};
/* End PBXFrameworksBuildPhase section */

/* Begin PBXGroup section */
		1DAE9F5B2C7CD3770001C754 = {
			isa = PBXGroup;
			children = (
				1DAE9F662C7CD3770001C754 /* BookWorm */,
				1DAE9F772C7CD3780001C754 /* BookWormTests */,
				1DAE9F812C7CD3780001C754 /* BookWormUITests */,
				1DAE9F652C7CD3770001C754 /* Products */,
			);
			sourceTree = "<group>";
		};
		1DAE9F652C7CD3770001C754 /* Products */ = {
			isa = PBXGroup;
			children = (
				1DAE9F642C7CD3770001C754 /* BookWorm.app */,
				1DAE9F742C7CD3780001C754 /* BookWormTests.xctest */,
				1DAE9F7E2C7CD3780001C754 /* BookWormUITests.xctest */,
			);
			name = Products;
			sourceTree = "<group>";
		};
		1DAE9F662C7CD3770001C754 /* BookWorm */ = {
			isa = PBXGroup;
			children = (
				1DAE9F672C7CD3770001C754 /* BookWormApp.swift */,
				1D029E812C7E2FB500EBB7B3 /* EmojiRatingView.swift */,
				1DAE9F692C7CD3770001C754 /* ContentView.swift */,
				1D2CFCE12C80D736002E6E0A /* DetailView.swift */,
				1D029E7C2C7E1B9200EBB7B3 /* AddBookView.swift */,
				1D029E7A2C7E1B2700EBB7B3 /* Book.swift */,
				1D029E7F2C7E216C00EBB7B3 /* RatingView.swift */,
				1DAE9F6B2C7CD3780001C754 /* Assets.xcassets */,
				1DAE9F6D2C7CD3780001C754 /* Preview Content */,
			);
			path = BookWorm;
			sourceTree = "<group>";
		};
		1DAE9F6D2C7CD3780001C754 /* Preview Content */ = {
			isa = PBXGroup;
			children = (
				1DAE9F6E2C7CD3780001C754 /* Preview Assets.xcassets */,
			);
			path = "Preview Content";
			sourceTree = "<group>";
		};
		1DAE9F772C7CD3780001C754 /* BookWormTests */ = {
			isa = PBXGroup;
			children = (
				1DAE9F782C7CD3780001C754 /* BookWormTests.swift */,
			);
			path = BookWormTests;
			sourceTree = "<group>";
		};
		1DAE9F812C7CD3780001C754 /* BookWormUITests */ = {
			isa = PBXGroup;
			children = (
				1DAE9F822C7CD3780001C754 /* BookWormUITests.swift */,
				1DAE9F842C7CD3780001C754 /* BookWormUITestsLaunchTests.swift */,
			);
			path = BookWormUITests;
			sourceTree = "<group>";
		};
/* End PBXGroup section */

/* Begin PBXNativeTarget section */
		1DAE9F632C7CD3770001C754 /* BookWorm */ = {
			isa = PBXNativeTarget;
			buildConfigurationList = 1DAE9F882C7CD3780001C754 /* Build configuration list for PBXNativeTarget "BookWorm" */;
			buildPhases = (
				1DAE9F602C7CD3770001C754 /* Sources */,
				1DAE9F612C7CD3770001C754 /* Frameworks */,
				1DAE9F622C7CD3770001C754 /* Resources */,
			);
			buildRules = (
			);
			dependencies = (
			);
			name = BookWorm;
			productName = BookWorm;
			productReference = 1DAE9F642C7CD3770001C754 /* BookWorm.app */;
			productType = "com.apple.product-type.application";
		};
		1DAE9F732C7CD3780001C754 /* BookWormTests */ = {
			isa = PBXNativeTarget;
			buildConfigurationList = 1DAE9F8B2C7CD3780001C754 /* Build configuration list for PBXNativeTarget "BookWormTests" */;
			buildPhases = (
				1DAE9F702C7CD3780001C754 /* Sources */,
				1DAE9F712C7CD3780001C754 /* Frameworks */,
				1DAE9F722C7CD3780001C754 /* Resources */,
			);
			buildRules = (
			);
			dependencies = (
				1DAE9F762C7CD3780001C754 /* PBXTargetDependency */,
			);
			name = BookWormTests;
			productName = BookWormTests;
			productReference = 1DAE9F742C7CD3780001C754 /* BookWormTests.xctest */;
			productType = "com.apple.product-type.bundle.unit-test";
		};
		1DAE9F7D2C7CD3780001C754 /* BookWormUITests */ = {
			isa = PBXNativeTarget;
			buildConfigurationList = 1DAE9F8E2C7CD3780001C754 /* Build configuration list for PBXNativeTarget "BookWormUITests" */;
			buildPhases = (
				1DAE9F7A2C7CD3780001C754 /* Sources */,
				1DAE9F7B2C7CD3780001C754 /* Frameworks */,
				1DAE9F7C2C7CD3780001C754 /* Resources */,
			);
			buildRules = (
			);
			dependencies = (
				1DAE9F802C7CD3780001C754 /* PBXTargetDependency */,
			);
			name = BookWormUITests;
			productName = BookWormUITests;
			productReference = 1DAE9F7E2C7CD3780001C754 /* BookWormUITests.xctest */;
			productType = "com.apple.product-type.bundle.ui-testing";
		};
/* End PBXNativeTarget section */

/* Begin PBXProject section */
		1DAE9F5C2C7CD3770001C754 /* Project object */ = {
			isa = PBXProject;
			attributes = {
				BuildIndependentTargetsInParallel = 1;
				LastSwiftUpdateCheck = 1500;
				LastUpgradeCheck = 1500;
				TargetAttributes = {
					1DAE9F632C7CD3770001C754 = {
						CreatedOnToolsVersion = 15.0;
					};
					1DAE9F732C7CD3780001C754 = {
						CreatedOnToolsVersion = 15.0;
						TestTargetID = 1DAE9F632C7CD3770001C754;
					};
					1DAE9F7D2C7CD3780001C754 = {
						CreatedOnToolsVersion = 15.0;
						TestTargetID = 1DAE9F632C7CD3770001C754;
					};
				};
			};
			buildConfigurationList = 1DAE9F5F2C7CD3770001C754 /* Build configuration list for PBXProject "BookWorm" */;
			compatibilityVersion = "Xcode 14.0";
			developmentRegion = en;
			hasScannedForEncodings = 0;
			knownRegions = (
				en,
				Base,
			);
			mainGroup = 1DAE9F5B2C7CD3770001C754;
			productRefGroup = 1DAE9F652C7CD3770001C754 /* Products */;
			projectDirPath = "";
			projectRoot = "";
			targets = (
				1DAE9F632C7CD3770001C754 /* BookWorm */,
				1DAE9F732C7CD3780001C754 /* BookWormTests */,
				1DAE9F7D2C7CD3780001C754 /* BookWormUITests */,
			);
		};
/* End PBXProject section */

/* Begin PBXResourcesBuildPhase section */
		1DAE9F622C7CD3770001C754 /* Resources */ = {
			isa = PBXResourcesBuildPhase;
			buildActionMask = 2147483647;
			files = (
				1DAE9F6F2C7CD3780001C754 /* Preview Assets.xcassets in Resources */,
				1DAE9F6C2C7CD3780001C754 /* Assets.xcassets in Resources */,
			);
			runOnlyForDeploymentPostprocessing = 0;
		};
		1DAE9F722C7CD3780001C754 /* Resources */ = {
			isa = PBXResourcesBuildPhase;
			buildActionMask = 2147483647;
			files = (
			);
			runOnlyForDeploymentPostprocessing = 0;
		};
		1DAE9F7C2C7CD3780001C754 /* Resources */ = {
			isa = PBXResourcesBuildPhase;
			buildActionMask = 2147483647;
			files = (
			);
			runOnlyForDeploymentPostprocessing = 0;
		};
/* End PBXResourcesBuildPhase section */

/* Begin PBXSourcesBuildPhase section */
		1DAE9F602C7CD3770001C754 /* Sources */ = {
			isa = PBXSourcesBuildPhase;
			buildActionMask = 2147483647;
			files = (
				1D029E7B2C7E1B2700EBB7B3 /* Book.swift in Sources */,
				1DAE9F6A2C7CD3770001C754 /* ContentView.swift in Sources */,
				1D029E822C7E2FB500EBB7B3 /* EmojiRatingView.swift in Sources */,
				1D2CFCE22C80D736002E6E0A /* DetailView.swift in Sources */,
				1D029E802C7E216C00EBB7B3 /* RatingView.swift in Sources */,
				1DAE9F682C7CD3770001C754 /* BookWormApp.swift in Sources */,
				1D029E7D2C7E1B9200EBB7B3 /* AddBookView.swift in Sources */,
			);
			runOnlyForDeploymentPostprocessing = 0;
		};
		1DAE9F702C7CD3780001C754 /* Sources */ = {
			isa = PBXSourcesBuildPhase;
			buildActionMask = 2147483647;
			files = (
				1DAE9F792C7CD3780001C754 /* BookWormTests.swift in Sources */,
			);
			runOnlyForDeploymentPostprocessing = 0;
		};
		1DAE9F7A2C7CD3780001C754 /* Sources */ = {
			isa = PBXSourcesBuildPhase;
			buildActionMask = 2147483647;
			files = (
				1DAE9F852C7CD3780001C754 /* BookWormUITestsLaunchTests.swift in Sources */,
				1DAE9F832C7CD3780001C754 /* BookWormUITests.swift in Sources */,
			);
			runOnlyForDeploymentPostprocessing = 0;
		};
/* End PBXSourcesBuildPhase section */

/* Begin PBXTargetDependency section */
		1DAE9F762C7CD3780001C754 /* PBXTargetDependency */ = {
			isa = PBXTargetDependency;
			target = 1DAE9F632C7CD3770001C754 /* BookWorm */;
			targetProxy = 1DAE9F752C7CD3780001C754 /* PBXContainerItemProxy */;
		};
		1DAE9F802C7CD3780001C754 /* PBXTargetDependency */ = {
			isa = PBXTargetDependency;
			target = 1DAE9F632C7CD3770001C754 /* BookWorm */;
			targetProxy = 1DAE9F7F2C7CD3780001C754 /* PBXContainerItemProxy */;
		};
/* End PBXTargetDependency section */

/* Begin XCBuildConfiguration section */
		1DAE9F862C7CD3780001C754 /* Debug */ = {
			isa = XCBuildConfiguration;
			buildSettings = {
				ALWAYS_SEARCH_USER_PATHS = NO;
				ASSETCATALOG_COMPILER_GENERATE_SWIFT_ASSET_SYMBOL_EXTENSIONS = YES;
				CLANG_ANALYZER_NONNULL = YES;
				CLANG_ANALYZER_NUMBER_OBJECT_CONVERSION = YES_AGGRESSIVE;
				CLANG_CXX_LANGUAGE_STANDARD = "gnu++20";
				CLANG_ENABLE_MODULES = YES;
				CLANG_ENABLE_OBJC_ARC = YES;
				CLANG_ENABLE_OBJC_WEAK = YES;
				CLANG_WARN_BLOCK_CAPTURE_AUTORELEASING = YES;
				CLANG_WARN_BOOL_CONVERSION = YES;
				CLANG_WARN_COMMA = YES;
				CLANG_WARN_CONSTANT_CONVERSION = YES;
				CLANG_WARN_DEPRECATED_OBJC_IMPLEMENTATIONS = YES;
				CLANG_WARN_DIRECT_OBJC_ISA_USAGE = YES_ERROR;
				CLANG_WARN_DOCUMENTATION_COMMENTS = YES;
				CLANG_WARN_EMPTY_BODY = YES;
				CLANG_WARN_ENUM_CONVERSION = YES;
				CLANG_WARN_INFINITE_RECURSION = YES;
				CLANG_WARN_INT_CONVERSION = YES;
				CLANG_WARN_NON_LITERAL_NULL_CONVERSION = YES;
				CLANG_WARN_OBJC_IMPLICIT_RETAIN_SELF = YES;
				CLANG_WARN_OBJC_LITERAL_CONVERSION = YES;
				CLANG_WARN_OBJC_ROOT_CLASS = YES_ERROR;
				CLANG_WARN_QUOTED_INCLUDE_IN_FRAMEWORK_HEADER = YES;
				CLANG_WARN_RANGE_LOOP_ANALYSIS = YES;
				CLANG_WARN_STRICT_PROTOTYPES = YES;
				CLANG_WARN_SUSPICIOUS_MOVE = YES;
				CLANG_WARN_UNGUARDED_AVAILABILITY = YES_AGGRESSIVE;
				CLANG_WARN_UNREACHABLE_CODE = YES;
				CLANG_WARN__DUPLICATE_METHOD_MATCH = YES;
				COPY_PHASE_STRIP = NO;
				DEBUG_INFORMATION_FORMAT = dwarf;
				ENABLE_STRICT_OBJC_MSGSEND = YES;
				ENABLE_TESTABILITY = YES;
				ENABLE_USER_SCRIPT_SANDBOXING = YES;
				GCC_C_LANGUAGE_STANDARD = gnu17;
				GCC_DYNAMIC_NO_PIC = NO;
				GCC_NO_COMMON_BLOCKS = YES;
				GCC_OPTIMIZATION_LEVEL = 0;
				GCC_PREPROCESSOR_DEFINITIONS = (
					"DEBUG=1",
					"$(inherited)",
				);
				GCC_WARN_64_TO_32_BIT_CONVERSION = YES;
				GCC_WARN_ABOUT_RETURN_TYPE = YES_ERROR;
				GCC_WARN_UNDECLARED_SELECTOR = YES;
				GCC_WARN_UNINITIALIZED_AUTOS = YES_AGGRESSIVE;
				GCC_WARN_UNUSED_FUNCTION = YES;
				GCC_WARN_UNUSED_VARIABLE = YES;
				IPHONEOS_DEPLOYMENT_TARGET = 17.0;
				LOCALIZATION_PREFERS_STRING_CATALOGS = YES;
				MTL_ENABLE_DEBUG_INFO = INCLUDE_SOURCE;
				MTL_FAST_MATH = YES;
				ONLY_ACTIVE_ARCH = YES;
				SDKROOT = iphoneos;
				SWIFT_ACTIVE_COMPILATION_CONDITIONS = "DEBUG $(inherited)";
				SWIFT_OPTIMIZATION_LEVEL = "-Onone";
			};
			name = Debug;
		};
		1DAE9F872C7CD3780001C754 /* Release */ = {
			isa = XCBuildConfiguration;
			buildSettings = {
				ALWAYS_SEARCH_USER_PATHS = NO;
				ASSETCATALOG_COMPILER_GENERATE_SWIFT_ASSET_SYMBOL_EXTENSIONS = YES;
				CLANG_ANALYZER_NONNULL = YES;
				CLANG_ANALYZER_NUMBER_OBJECT_CONVERSION = YES_AGGRESSIVE;
				CLANG_CXX_LANGUAGE_STANDARD = "gnu++20";
				CLANG_ENABLE_MODULES = YES;
				CLANG_ENABLE_OBJC_ARC = YES;
				CLANG_ENABLE_OBJC_WEAK = YES;
				CLANG_WARN_BLOCK_CAPTURE_AUTORELEASING = YES;
				CLANG_WARN_BOOL_CONVERSION = YES;
				CLANG_WARN_COMMA = YES;
				CLANG_WARN_CONSTANT_CONVERSION = YES;
				CLANG_WARN_DEPRECATED_OBJC_IMPLEMENTATIONS = YES;
				CLANG_WARN_DIRECT_OBJC_ISA_USAGE = YES_ERROR;
				CLANG_WARN_DOCUMENTATION_COMMENTS = YES;
				CLANG_WARN_EMPTY_BODY = YES;
				CLANG_WARN_ENUM_CONVERSION = YES;
				CLANG_WARN_INFINITE_RECURSION = YES;
				CLANG_WARN_INT_CONVERSION = YES;
				CLANG_WARN_NON_LITERAL_NULL_CONVERSION = YES;
				CLANG_WARN_OBJC_IMPLICIT_RETAIN_SELF = YES;
				CLANG_WARN_OBJC_LITERAL_CONVERSION = YES;
				CLANG_WARN_OBJC_ROOT_CLASS = YES_ERROR;
				CLANG_WARN_QUOTED_INCLUDE_IN_FRAMEWORK_HEADER = YES;
				CLANG_WARN_RANGE_LOOP_ANALYSIS = YES;
				CLANG_WARN_STRICT_PROTOTYPES = YES;
				CLANG_WARN_SUSPICIOUS_MOVE = YES;
				CLANG_WARN_UNGUARDED_AVAILABILITY = YES_AGGRESSIVE;
				CLANG_WARN_UNREACHABLE_CODE = YES;
				CLANG_WARN__DUPLICATE_METHOD_MATCH = YES;
				COPY_PHASE_STRIP = NO;
				DEBUG_INFORMATION_FORMAT = "dwarf-with-dsym";
				ENABLE_NS_ASSERTIONS = NO;
				ENABLE_STRICT_OBJC_MSGSEND = YES;
				ENABLE_USER_SCRIPT_SANDBOXING = YES;
				GCC_C_LANGUAGE_STANDARD = gnu17;
				GCC_NO_COMMON_BLOCKS = YES;
				GCC_WARN_64_TO_32_BIT_CONVERSION = YES;
				GCC_WARN_ABOUT_RETURN_TYPE = YES_ERROR;
				GCC_WARN_UNDECLARED_SELECTOR = YES;
				GCC_WARN_UNINITIALIZED_AUTOS = YES_AGGRESSIVE;
				GCC_WARN_UNUSED_FUNCTION = YES;
				GCC_WARN_UNUSED_VARIABLE = YES;
				IPHONEOS_DEPLOYMENT_TARGET = 17.0;
				LOCALIZATION_PREFERS_STRING_CATALOGS = YES;
				MTL_ENABLE_DEBUG_INFO = NO;
				MTL_FAST_MATH = YES;
				SDKROOT = iphoneos;
				SWIFT_COMPILATION_MODE = wholemodule;
				VALIDATE_PRODUCT = YES;
			};
			name = Release;
		};
		1DAE9F892C7CD3780001C754 /* Debug */ = {
			isa = XCBuildConfiguration;
			buildSettings = {
				ASSETCATALOG_COMPILER_APPICON_NAME = AppIcon;
				ASSETCATALOG_COMPILER_GLOBAL_ACCENT_COLOR_NAME = AccentColor;
				CODE_SIGN_STYLE = Automatic;
				CURRENT_PROJECT_VERSION = 1;
				DEVELOPMENT_ASSET_PATHS = "\"BookWorm/Preview Content\"";
				ENABLE_PREVIEWS = YES;
				GENERATE_INFOPLIST_FILE = YES;
				INFOPLIST_KEY_UIApplicationSceneManifest_Generation = YES;
				INFOPLIST_KEY_UIApplicationSupportsIndirectInputEvents = YES;
				INFOPLIST_KEY_UILaunchScreen_Generation = YES;
				INFOPLIST_KEY_UISupportedInterfaceOrientations_iPad = "UIInterfaceOrientationPortrait UIInterfaceOrientationPortraitUpsideDown UIInterfaceOrientationLandscapeLeft UIInterfaceOrientationLandscapeRight";
				INFOPLIST_KEY_UISupportedInterfaceOrientations_iPhone = "UIInterfaceOrientationPortrait UIInterfaceOrientationLandscapeLeft UIInterfaceOrientationLandscapeRight";
				LD_RUNPATH_SEARCH_PATHS = (
					"$(inherited)",
					"@executable_path/Frameworks",
				);
				MARKETING_VERSION = 1.0;
				PRODUCT_BUNDLE_IDENTIFIER = com.naveed.BookWorm;
				PRODUCT_NAME = "$(TARGET_NAME)";
				SWIFT_EMIT_LOC_STRINGS = YES;
				SWIFT_VERSION = 5.0;
				TARGETED_DEVICE_FAMILY = "1,2";
			};
			name = Debug;
		};
		1DAE9F8A2C7CD3780001C754 /* Release */ = {
			isa = XCBuildConfiguration;
			buildSettings = {
				ASSETCATALOG_COMPILER_APPICON_NAME = AppIcon;
				ASSETCATALOG_COMPILER_GLOBAL_ACCENT_COLOR_NAME = AccentColor;
				CODE_SIGN_STYLE = Automatic;
				CURRENT_PROJECT_VERSION = 1;
				DEVELOPMENT_ASSET_PATHS = "\"BookWorm/Preview Content\"";
				ENABLE_PREVIEWS = YES;
				GENERATE_INFOPLIST_FILE = YES;
				INFOPLIST_KEY_UIApplicationSceneManifest_Generation = YES;
				INFOPLIST_KEY_UIApplicationSupportsIndirectInputEvents = YES;
				INFOPLIST_KEY_UILaunchScreen_Generation = YES;
				INFOPLIST_KEY_UISupportedInterfaceOrientations_iPad = "UIInterfaceOrientationPortrait UIInterfaceOrientationPortraitUpsideDown UIInterfaceOrientationLandscapeLeft UIInterfaceOrientationLandscapeRight";
				INFOPLIST_KEY_UISupportedInterfaceOrientations_iPhone = "UIInterfaceOrientationPortrait UIInterfaceOrientationLandscapeLeft UIInterfaceOrientationLandscapeRight";
				LD_RUNPATH_SEARCH_PATHS = (
					"$(inherited)",
					"@executable_path/Frameworks",
				);
				MARKETING_VERSION = 1.0;
				PRODUCT_BUNDLE_IDENTIFIER = com.naveed.BookWorm;
				PRODUCT_NAME = "$(TARGET_NAME)";
				SWIFT_EMIT_LOC_STRINGS = YES;
				SWIFT_VERSION = 5.0;
				TARGETED_DEVICE_FAMILY = "1,2";
			};
			name = Release;
		};
		1DAE9F8C2C7CD3780001C754 /* Debug */ = {
			isa = XCBuildConfiguration;
			buildSettings = {
				ALWAYS_EMBED_SWIFT_STANDARD_LIBRARIES = YES;
				BUNDLE_LOADER = "$(TEST_HOST)";
				CODE_SIGN_STYLE = Automatic;
				CURRENT_PROJECT_VERSION = 1;
				GENERATE_INFOPLIST_FILE = YES;
				IPHONEOS_DEPLOYMENT_TARGET = 17.0;
				MARKETING_VERSION = 1.0;
				PRODUCT_BUNDLE_IDENTIFIER = com.naveed.BookWormTests;
				PRODUCT_NAME = "$(TARGET_NAME)";
				SWIFT_EMIT_LOC_STRINGS = NO;
				SWIFT_VERSION = 5.0;
				TARGETED_DEVICE_FAMILY = "1,2";
				TEST_HOST = "$(BUILT_PRODUCTS_DIR)/BookWorm.app/$(BUNDLE_EXECUTABLE_FOLDER_PATH)/BookWorm";
			};
			name = Debug;
		};
		1DAE9F8D2C7CD3780001C754 /* Release */ = {
			isa = XCBuildConfiguration;
			buildSettings = {
				ALWAYS_EMBED_SWIFT_STANDARD_LIBRARIES = YES;
				BUNDLE_LOADER = "$(TEST_HOST)";
				CODE_SIGN_STYLE = Automatic;
				CURRENT_PROJECT_VERSION = 1;
				GENERATE_INFOPLIST_FILE = YES;
				IPHONEOS_DEPLOYMENT_TARGET = 17.0;
				MARKETING_VERSION = 1.0;
				PRODUCT_BUNDLE_IDENTIFIER = com.naveed.BookWormTests;
				PRODUCT_NAME = "$(TARGET_NAME)";
				SWIFT_EMIT_LOC_STRINGS = NO;
				SWIFT_VERSION = 5.0;
				TARGETED_DEVICE_FAMILY = "1,2";
				TEST_HOST = "$(BUILT_PRODUCTS_DIR)/BookWorm.app/$(BUNDLE_EXECUTABLE_FOLDER_PATH)/BookWorm";
			};
			name = Release;
		};
		1DAE9F8F2C7CD3780001C754 /* Debug */ = {
			isa = XCBuildConfiguration;
			buildSettings = {
				ALWAYS_EMBED_SWIFT_STANDARD_LIBRARIES = YES;
				CODE_SIGN_STYLE = Automatic;
				CURRENT_PROJECT_VERSION = 1;
				GENERATE_INFOPLIST_FILE = YES;
				MARKETING_VERSION = 1.0;
				PRODUCT_BUNDLE_IDENTIFIER = com.naveed.BookWormUITests;
				PRODUCT_NAME = "$(TARGET_NAME)";
				SWIFT_EMIT_LOC_STRINGS = NO;
				SWIFT_VERSION = 5.0;
				TARGETED_DEVICE_FAMILY = "1,2";
				TEST_TARGET_NAME = BookWorm;
			};
			name = Debug;
		};
		1DAE9F902C7CD3780001C754 /* Release */ = {
			isa = XCBuildConfiguration;
			buildSettings = {
				ALWAYS_EMBED_SWIFT_STANDARD_LIBRARIES = YES;
				CODE_SIGN_STYLE = Automatic;
				CURRENT_PROJECT_VERSION = 1;
				GENERATE_INFOPLIST_FILE = YES;
				MARKETING_VERSION = 1.0;
				PRODUCT_BUNDLE_IDENTIFIER = com.naveed.BookWormUITests;
				PRODUCT_NAME = "$(TARGET_NAME)";
				SWIFT_EMIT_LOC_STRINGS = NO;
				SWIFT_VERSION = 5.0;
				TARGETED_DEVICE_FAMILY = "1,2";
				TEST_TARGET_NAME = BookWorm;
			};
			name = Release;
		};
/* End XCBuildConfiguration section */

/* Begin XCConfigurationList section */
		1DAE9F5F2C7CD3770001C754 /* Build configuration list for PBXProject "BookWorm" */ = {
			isa = XCConfigurationList;
			buildConfigurations = (
				1DAE9F862C7CD3780001C754 /* Debug */,
				1DAE9F872C7CD3780001C754 /* Release */,
			);
			defaultConfigurationIsVisible = 0;
			defaultConfigurationName = Release;
		};
		1DAE9F882C7CD3780001C754 /* Build configuration list for PBXNativeTarget "BookWorm" */ = {
			isa = XCConfigurationList;
			buildConfigurations = (
				1DAE9F892C7CD3780001C754 /* Debug */,
				1DAE9F8A2C7CD3780001C754 /* Release */,
			);
			defaultConfigurationIsVisible = 0;
			defaultConfigurationName = Release;
		};
		1DAE9F8B2C7CD3780001C754 /* Build configuration list for PBXNativeTarget "BookWormTests" */ = {
			isa = XCConfigurationList;
			buildConfigurations = (
				1DAE9F8C2C7CD3780001C754 /* Debug */,
				1DAE9F8D2C7CD3780001C754 /* Release */,
			);
			defaultConfigurationIsVisible = 0;
			defaultConfigurationName = Release;
		};
		1DAE9F8E2C7CD3780001C754 /* Build configuration list for PBXNativeTarget "BookWormUITests" */ = {
			isa = XCConfigurationList;
			buildConfigurations = (
				1DAE9F8F2C7CD3780001C754 /* Debug */,
				1DAE9F902C7CD3780001C754 /* Release */,
			);
			defaultConfigurationIsVisible = 0;
			defaultConfigurationName = Release;
		};
/* End XCConfigurationList section */
	};
	rootObject = 1DAE9F5C2C7CD3770001C754 /* Project object */;
}
